
Microsoft Visual Studio Solution File, Format Version 12.00
# Visual Studio Version 16
VisualStudioVersion = 16.0.31624.102
MinimumVisualStudioVersion = 10.0.40219.1
Project("{D2ABAB84-BF74-430A-B69E-9DC6D40DDA17}") = "Mediazon2020", "Mediazon2020.dwproj", "{C1B891EB-FD5D-412E-961A-C26E11CB6B2E}"
EndProject
Global
	GlobalSection(SolutionConfigurationPlatforms) = preSolution
		Development|Default = Development|Default
	EndGlobalSection
	GlobalSection(ProjectConfigurationPlatforms) = postSolution
		{C1B891EB-FD5D-412E-961A-C26E11CB6B2E}.Development|Default.ActiveCfg = Development
		{C1B891EB-FD5D-412E-961A-C26E11CB6B2E}.Development|Default.Build.0 = Development
		{C1B891EB-FD5D-412E-961A-C26E11CB6B2E}.Development|Default.Deploy.0 = Development
	EndGlobalSection
	GlobalSection(SolutionProperties) = preSolution
		HideSolutionNode = FALSE
	EndGlobalSection
	GlobalSection(ExtensibilityGlobals) = postSolution
		SolutionGuid = {240079B4-5D18-4A47-AE45-9B2484205250}
	EndGlobalSection
EndGlobal
